
Microsoft Visual Studio Solution File, Format Version 12.00
# Visual Studio Version 17
VisualStudioVersion = 17.14.36221.1 d17.14
MinimumVisualStudioVersion = 10.0.40219.1
Project("{8BC9CEB8-8B4A-11D0-8D11-00A0C91BC942}") = "lab601", "lab601\lab601.vcxproj", "{59415288-F142-43F7-98AB-03D8C3793EFF}"
EndProject
Project("{8BC9CEB8-8B4A-11D0-8D11-00A0C91BC942}") = "lab602", "lab602\lab602.vcxproj", "{98A441A7-BC5E-4E47-AD8D-D9FE3847B6E3}"
EndProject
Project("{8BC9CEB8-8B4A-11D0-8D11-00A0C91BC942}") = "lab603", "lab603\lab603.vcxproj", "{5291A006-E117-4F61-9AE2-4FDE77F623BE}"
EndProject
Project("{8BC9CEB8-8B4A-11D0-8D11-00A0C91BC942}") = "lab604", "lab604\lab604.vcxproj", "{CC3BA8F1-FAAA-4FEB-AEAB-B103C3B8C6E5}"
EndProject
Global
	GlobalSection(SolutionConfigurationPlatforms) = preSolution
		Debug|x64 = Debug|x64
		Debug|x86 = Debug|x86
		Release|x64 = Release|x64
		Release|x86 = Release|x86
	EndGlobalSection
	GlobalSection(ProjectConfigurationPlatforms) = postSolution
		{59415288-F142-43F7-98AB-03D8C3793EFF}.Debug|x64.ActiveCfg = Debug|x64
		{59415288-F142-43F7-98AB-03D8C3793EFF}.Debug|x64.Build.0 = Debug|x64
		{59415288-F142-43F7-98AB-03D8C3793EFF}.Debug|x86.ActiveCfg = Debug|Win32
		{59415288-F142-43F7-98AB-03D8C3793EFF}.Debug|x86.Build.0 = Debug|Win32
		{59415288-F142-43F7-98AB-03D8C3793EFF}.Release|x64.ActiveCfg = Release|x64
		{59415288-F142-43F7-98AB-03D8C3793EFF}.Release|x64.Build.0 = Release|x64
		{59415288-F142-43F7-98AB-03D8C3793EFF}.Release|x86.ActiveCfg = Release|Win32
		{59415288-F142-43F7-98AB-03D8C3793EFF}.Release|x86.Build.0 = Release|Win32
		{98A441A7-BC5E-4E47-AD8D-D9FE3847B6E3}.Debug|x64.ActiveCfg = Debug|x64
		{98A441A7-BC5E-4E47-AD8D-D9FE3847B6E3}.Debug|x64.Build.0 = Debug|x64
		{98A441A7-BC5E-4E47-AD8D-D9FE3847B6E3}.Debug|x86.ActiveCfg = Debug|Win32
		{98A441A7-BC5E-4E47-AD8D-D9FE3847B6E3}.Debug|x86.Build.0 = Debug|Win32
		{98A441A7-BC5E-4E47-AD8D-D9FE3847B6E3}.Release|x64.ActiveCfg = Release|x64
		{98A441A7-BC5E-4E47-AD8D-D9FE3847B6E3}.Release|x64.Build.0 = Release|x64
		{98A441A7-BC5E-4E47-AD8D-D9FE3847B6E3}.Release|x86.ActiveCfg = Release|Win32
		{98A441A7-BC5E-4E47-AD8D-D9FE3847B6E3}.Release|x86.Build.0 = Release|Win32
		{5291A006-E117-4F61-9AE2-4FDE77F623BE}.Debug|x64.ActiveCfg = Debug|x64
		{5291A006-E117-4F61-9AE2-4FDE77F623BE}.Debug|x64.Build.0 = Debug|x64
		{5291A006-E117-4F61-9AE2-4FDE77F623BE}.Debug|x86.ActiveCfg = Debug|Win32
		{5291A006-E117-4F61-9AE2-4FDE77F623BE}.Debug|x86.Build.0 = Debug|Win32
		{5291A006-E117-4F61-9AE2-4FDE77F623BE}.Release|x64.ActiveCfg = Release|x64
		{5291A006-E117-4F61-9AE2-4FDE77F623BE}.Release|x64.Build.0 = Release|x64
		{5291A006-E117-4F61-9AE2-4FDE77F623BE}.Release|x86.ActiveCfg = Release|Win32
		{5291A006-E117-4F61-9AE2-4FDE77F623BE}.Release|x86.Build.0 = Release|Win32
		{CC3BA8F1-FAAA-4FEB-AEAB-B103C3B8C6E5}.Debug|x64.ActiveCfg = Debug|x64
		{CC3BA8F1-FAAA-4FEB-AEAB-B103C3B8C6E5}.Debug|x64.Build.0 = Debug|x64
		{CC3BA8F1-FAAA-4FEB-AEAB-B103C3B8C6E5}.Debug|x86.ActiveCfg = Debug|Win32
		{CC3BA8F1-FAAA-4FEB-AEAB-B103C3B8C6E5}.Debug|x86.Build.0 = Debug|Win32
		{CC3BA8F1-FAAA-4FEB-AEAB-B103C3B8C6E5}.Release|x64.ActiveCfg = Release|x64
		{CC3BA8F1-FAAA-4FEB-AEAB-B103C3B8C6E5}.Release|x64.Build.0 = Release|x64
		{CC3BA8F1-FAAA-4FEB-AEAB-B103C3B8C6E5}.Release|x86.ActiveCfg = Release|Win32
		{CC3BA8F1-FAAA-4FEB-AEAB-B103C3B8C6E5}.Release|x86.Build.0 = Release|Win32
	EndGlobalSection
	GlobalSection(SolutionProperties) = preSolution
		HideSolutionNode = FALSE
	EndGlobalSection
	GlobalSection(ExtensibilityGlobals) = postSolution
		SolutionGuid = {EE305B51-B0CE-4860-94CE-ED187AD8FD10}
	EndGlobalSection
EndGlobal
