
Microsoft Visual Studio Solution File, Format Version 12.00
# Visual Studio Version 17
VisualStudioVersion = 17.14.36221.1 d17.14
MinimumVisualStudioVersion = 10.0.40219.1
Project("{8BC9CEB8-8B4A-11D0-8D11-00A0C91BC942}") = "lab401", "lab401\lab401.vcxproj", "{A768E08E-6757-458B-9EAE-5C5ABBE26ABB}"
EndProject
Project("{8BC9CEB8-8B4A-11D0-8D11-00A0C91BC942}") = "lab402", "lab402\lab402.vcxproj", "{957A260A-4047-436E-8100-96B4CAB30FE5}"
EndProject
Project("{8BC9CEB8-8B4A-11D0-8D11-00A0C91BC942}") = "lab403", "lab403\lab403.vcxproj", "{A32EBAD0-DFB3-499A-8C9C-CA5D1AFAC7C5}"
EndProject
Project("{8BC9CEB8-8B4A-11D0-8D11-00A0C91BC942}") = "lab404", "lab404\lab404.vcxproj", "{2CD23A31-58D9-49E5-A61B-45A3C232CB40}"
EndProject
Project("{8BC9CEB8-8B4A-11D0-8D11-00A0C91BC942}") = "lab405", "lab405\lab405.vcxproj", "{90FE5F39-33E8-4FB7-AFB6-F621D7E27FD2}"
EndProject
Project("{8BC9CEB8-8B4A-11D0-8D11-00A0C91BC942}") = "lab406", "lab406\lab406.vcxproj", "{74495FEE-8B29-4454-A91C-59F8CF0D2690}"
EndProject
Project("{8BC9CEB8-8B4A-11D0-8D11-00A0C91BC942}") = "lab407", "lab407\lab407.vcxproj", "{09E1927E-92B7-4736-BE08-AD02D7CDC4B2}"
EndProject
Project("{8BC9CEB8-8B4A-11D0-8D11-00A0C91BC942}") = "lav40tast", "lav40tast\lav40tast.vcxproj", "{7129E895-FC26-4941-8C1F-0A8278F74E12}"
EndProject
Project("{8BC9CEB8-8B4A-11D0-8D11-00A0C91BC942}") = "tast", "tast\tast.vcxproj", "{6E5FF7A7-2A5D-4419-9A55-8C23851553FC}"
EndProject
Project("{8BC9CEB8-8B4A-11D0-8D11-00A0C91BC942}") = "ConsoleApplication6", "ConsoleApplication6\ConsoleApplication6.vcxproj", "{7417FEF7-1BE3-4D27-B509-7EA436C6A4F0}"
EndProject
Global
	GlobalSection(SolutionConfigurationPlatforms) = preSolution
		Debug|x64 = Debug|x64
		Debug|x86 = Debug|x86
		Release|x64 = Release|x64
		Release|x86 = Release|x86
	EndGlobalSection
	GlobalSection(ProjectConfigurationPlatforms) = postSolution
		{A768E08E-6757-458B-9EAE-5C5ABBE26ABB}.Debug|x64.ActiveCfg = Debug|x64
		{A768E08E-6757-458B-9EAE-5C5ABBE26ABB}.Debug|x64.Build.0 = Debug|x64
		{A768E08E-6757-458B-9EAE-5C5ABBE26ABB}.Debug|x86.ActiveCfg = Debug|Win32
		{A768E08E-6757-458B-9EAE-5C5ABBE26ABB}.Debug|x86.Build.0 = Debug|Win32
		{A768E08E-6757-458B-9EAE-5C5ABBE26ABB}.Release|x64.ActiveCfg = Release|x64
		{A768E08E-6757-458B-9EAE-5C5ABBE26ABB}.Release|x64.Build.0 = Release|x64
		{A768E08E-6757-458B-9EAE-5C5ABBE26ABB}.Release|x86.ActiveCfg = Release|Win32
		{A768E08E-6757-458B-9EAE-5C5ABBE26ABB}.Release|x86.Build.0 = Release|Win32
		{957A260A-4047-436E-8100-96B4CAB30FE5}.Debug|x64.ActiveCfg = Debug|x64
		{957A260A-4047-436E-8100-96B4CAB30FE5}.Debug|x64.Build.0 = Debug|x64
		{957A260A-4047-436E-8100-96B4CAB30FE5}.Debug|x86.ActiveCfg = Debug|Win32
		{957A260A-4047-436E-8100-96B4CAB30FE5}.Debug|x86.Build.0 = Debug|Win32
		{957A260A-4047-436E-8100-96B4CAB30FE5}.Release|x64.ActiveCfg = Release|x64
		{957A260A-4047-436E-8100-96B4CAB30FE5}.Release|x64.Build.0 = Release|x64
		{957A260A-4047-436E-8100-96B4CAB30FE5}.Release|x86.ActiveCfg = Release|Win32
		{957A260A-4047-436E-8100-96B4CAB30FE5}.Release|x86.Build.0 = Release|Win32
		{A32EBAD0-DFB3-499A-8C9C-CA5D1AFAC7C5}.Debug|x64.ActiveCfg = Debug|x64
		{A32EBAD0-DFB3-499A-8C9C-CA5D1AFAC7C5}.Debug|x64.Build.0 = Debug|x64
		{A32EBAD0-DFB3-499A-8C9C-CA5D1AFAC7C5}.Debug|x86.ActiveCfg = Debug|Win32
		{A32EBAD0-DFB3-499A-8C9C-CA5D1AFAC7C5}.Debug|x86.Build.0 = Debug|Win32
		{A32EBAD0-DFB3-499A-8C9C-CA5D1AFAC7C5}.Release|x64.ActiveCfg = Release|x64
		{A32EBAD0-DFB3-499A-8C9C-CA5D1AFAC7C5}.Release|x64.Build.0 = Release|x64
		{A32EBAD0-DFB3-499A-8C9C-CA5D1AFAC7C5}.Release|x86.ActiveCfg = Release|Win32
		{A32EBAD0-DFB3-499A-8C9C-CA5D1AFAC7C5}.Release|x86.Build.0 = Release|Win32
		{2CD23A31-58D9-49E5-A61B-45A3C232CB40}.Debug|x64.ActiveCfg = Debug|x64
		{2CD23A31-58D9-49E5-A61B-45A3C232CB40}.Debug|x64.Build.0 = Debug|x64
		{2CD23A31-58D9-49E5-A61B-45A3C232CB40}.Debug|x86.ActiveCfg = Debug|Win32
		{2CD23A31-58D9-49E5-A61B-45A3C232CB40}.Debug|x86.Build.0 = Debug|Win32
		{2CD23A31-58D9-49E5-A61B-45A3C232CB40}.Release|x64.ActiveCfg = Release|x64
		{2CD23A31-58D9-49E5-A61B-45A3C232CB40}.Release|x64.Build.0 = Release|x64
		{2CD23A31-58D9-49E5-A61B-45A3C232CB40}.Release|x86.ActiveCfg = Release|Win32
		{2CD23A31-58D9-49E5-A61B-45A3C232CB40}.Release|x86.Build.0 = Release|Win32
		{90FE5F39-33E8-4FB7-AFB6-F621D7E27FD2}.Debug|x64.ActiveCfg = Debug|x64
		{90FE5F39-33E8-4FB7-AFB6-F621D7E27FD2}.Debug|x64.Build.0 = Debug|x64
		{90FE5F39-33E8-4FB7-AFB6-F621D7E27FD2}.Debug|x86.ActiveCfg = Debug|Win32
		{90FE5F39-33E8-4FB7-AFB6-F621D7E27FD2}.Debug|x86.Build.0 = Debug|Win32
		{90FE5F39-33E8-4FB7-AFB6-F621D7E27FD2}.Release|x64.ActiveCfg = Release|x64
		{90FE5F39-33E8-4FB7-AFB6-F621D7E27FD2}.Release|x64.Build.0 = Release|x64
		{90FE5F39-33E8-4FB7-AFB6-F621D7E27FD2}.Release|x86.ActiveCfg = Release|Win32
		{90FE5F39-33E8-4FB7-AFB6-F621D7E27FD2}.Release|x86.Build.0 = Release|Win32
		{74495FEE-8B29-4454-A91C-59F8CF0D2690}.Debug|x64.ActiveCfg = Debug|x64
		{74495FEE-8B29-4454-A91C-59F8CF0D2690}.Debug|x64.Build.0 = Debug|x64
		{74495FEE-8B29-4454-A91C-59F8CF0D2690}.Debug|x86.ActiveCfg = Debug|Win32
		{74495FEE-8B29-4454-A91C-59F8CF0D2690}.Debug|x86.Build.0 = Debug|Win32
		{74495FEE-8B29-4454-A91C-59F8CF0D2690}.Release|x64.ActiveCfg = Release|x64
		{74495FEE-8B29-4454-A91C-59F8CF0D2690}.Release|x64.Build.0 = Release|x64
		{74495FEE-8B29-4454-A91C-59F8CF0D2690}.Release|x86.ActiveCfg = Release|Win32
		{74495FEE-8B29-4454-A91C-59F8CF0D2690}.Release|x86.Build.0 = Release|Win32
		{09E1927E-92B7-4736-BE08-AD02D7CDC4B2}.Debug|x64.ActiveCfg = Debug|x64
		{09E1927E-92B7-4736-BE08-AD02D7CDC4B2}.Debug|x64.Build.0 = Debug|x64
		{09E1927E-92B7-4736-BE08-AD02D7CDC4B2}.Debug|x86.ActiveCfg = Debug|Win32
		{09E1927E-92B7-4736-BE08-AD02D7CDC4B2}.Debug|x86.Build.0 = Debug|Win32
		{09E1927E-92B7-4736-BE08-AD02D7CDC4B2}.Release|x64.ActiveCfg = Release|x64
		{09E1927E-92B7-4736-BE08-AD02D7CDC4B2}.Release|x64.Build.0 = Release|x64
		{09E1927E-92B7-4736-BE08-AD02D7CDC4B2}.Release|x86.ActiveCfg = Release|Win32
		{09E1927E-92B7-4736-BE08-AD02D7CDC4B2}.Release|x86.Build.0 = Release|Win32
		{7129E895-FC26-4941-8C1F-0A8278F74E12}.Debug|x64.ActiveCfg = Debug|x64
		{7129E895-FC26-4941-8C1F-0A8278F74E12}.Debug|x64.Build.0 = Debug|x64
		{7129E895-FC26-4941-8C1F-0A8278F74E12}.Debug|x86.ActiveCfg = Debug|Win32
		{7129E895-FC26-4941-8C1F-0A8278F74E12}.Debug|x86.Build.0 = Debug|Win32
		{7129E895-FC26-4941-8C1F-0A8278F74E12}.Release|x64.ActiveCfg = Release|x64
		{7129E895-FC26-4941-8C1F-0A8278F74E12}.Release|x64.Build.0 = Release|x64
		{7129E895-FC26-4941-8C1F-0A8278F74E12}.Release|x86.ActiveCfg = Release|Win32
		{7129E895-FC26-4941-8C1F-0A8278F74E12}.Release|x86.Build.0 = Release|Win32
		{6E5FF7A7-2A5D-4419-9A55-8C23851553FC}.Debug|x64.ActiveCfg = Debug|x64
		{6E5FF7A7-2A5D-4419-9A55-8C23851553FC}.Debug|x64.Build.0 = Debug|x64
		{6E5FF7A7-2A5D-4419-9A55-8C23851553FC}.Debug|x86.ActiveCfg = Debug|Win32
		{6E5FF7A7-2A5D-4419-9A55-8C23851553FC}.Debug|x86.Build.0 = Debug|Win32
		{6E5FF7A7-2A5D-4419-9A55-8C23851553FC}.Release|x64.ActiveCfg = Release|x64
		{6E5FF7A7-2A5D-4419-9A55-8C23851553FC}.Release|x64.Build.0 = Release|x64
		{6E5FF7A7-2A5D-4419-9A55-8C23851553FC}.Release|x86.ActiveCfg = Release|Win32
		{6E5FF7A7-2A5D-4419-9A55-8C23851553FC}.Release|x86.Build.0 = Release|Win32
		{7417FEF7-1BE3-4D27-B509-7EA436C6A4F0}.Debug|x64.ActiveCfg = Debug|x64
		{7417FEF7-1BE3-4D27-B509-7EA436C6A4F0}.Debug|x64.Build.0 = Debug|x64
		{7417FEF7-1BE3-4D27-B509-7EA436C6A4F0}.Debug|x86.ActiveCfg = Debug|Win32
		{7417FEF7-1BE3-4D27-B509-7EA436C6A4F0}.Debug|x86.Build.0 = Debug|Win32
		{7417FEF7-1BE3-4D27-B509-7EA436C6A4F0}.Release|x64.ActiveCfg = Release|x64
		{7417FEF7-1BE3-4D27-B509-7EA436C6A4F0}.Release|x64.Build.0 = Release|x64
		{7417FEF7-1BE3-4D27-B509-7EA436C6A4F0}.Release|x86.ActiveCfg = Release|Win32
		{7417FEF7-1BE3-4D27-B509-7EA436C6A4F0}.Release|x86.Build.0 = Release|Win32
	EndGlobalSection
	GlobalSection(SolutionProperties) = preSolution
		HideSolutionNode = FALSE
	EndGlobalSection
	GlobalSection(ExtensibilityGlobals) = postSolution
		SolutionGuid = {7C8F1E24-8D93-41D1-A739-BEF2B257941D}
	EndGlobalSection
EndGlobal
